
Microsoft Visual Studio Solution File, Format Version 12.00
# Visual Studio Version 16
VisualStudioVersion = 16.0.30907.101
MinimumVisualStudioVersion = 10.0.40219.1
Project("{9A19103F-16F7-4668-BE54-9A1E7A4F7556}") = "CleanArchMvc.Domain", "CleanArchMvc.Domain\CleanArchMvc.Domain.csproj", "{B675DC27-3900-4000-99E7-BE14B4BCC8CB}"
EndProject
Project("{9A19103F-16F7-4668-BE54-9A1E7A4F7556}") = "CleanArchMvc.Application", "CleanArchMvc.Application\CleanArchMvc.Application.csproj", "{1C312689-C999-4E2D-8AC4-A87002648566}"
EndProject
Project("{9A19103F-16F7-4668-BE54-9A1E7A4F7556}") = "CleanArchMvc.Infra.Data", "CleanArchMvc.Infra.Data\CleanArchMvc.Infra.Data.csproj", "{59E6BF8F-5F5B-40AB-9B19-F235F254D04C}"
EndProject
Project("{9A19103F-16F7-4668-BE54-9A1E7A4F7556}") = "CleanArchMvc.Infra.IoC", "CleanArchMvc.Infra.IoC\CleanArchMvc.Infra.IoC.csproj", "{5B5CB680-1E4D-4A4E-A7C0-DB4C9E6DE73D}"
EndProject
Project("{9A19103F-16F7-4668-BE54-9A1E7A4F7556}") = "CleanArchMvc.WebUI", "CleanArchMvc.WebUI\CleanArchMvc.WebUI.csproj", "{7E3B7DA1-8C3D-46E0-A2B8-532F5BD31227}"
EndProject
Project("{FAE04EC0-301F-11D3-BF4B-00C04F79EFBC}") = "CleanArchMvc.Domain.Tests", "CleanArchMvc.Domain.Tests\CleanArchMvc.Domain.Tests.csproj", "{3669844B-30B1-4188-A35B-E5AECEC86E9F}"
EndProject
Global
	GlobalSection(SolutionConfigurationPlatforms) = preSolution
		Debug|Any CPU = Debug|Any CPU
		Release|Any CPU = Release|Any CPU
	EndGlobalSection
	GlobalSection(ProjectConfigurationPlatforms) = postSolution
		{B675DC27-3900-4000-99E7-BE14B4BCC8CB}.Debug|Any CPU.ActiveCfg = Debug|Any CPU
		{B675DC27-3900-4000-99E7-BE14B4BCC8CB}.Debug|Any CPU.Build.0 = Debug|Any CPU
		{B675DC27-3900-4000-99E7-BE14B4BCC8CB}.Release|Any CPU.ActiveCfg = Release|Any CPU
		{B675DC27-3900-4000-99E7-BE14B4BCC8CB}.Release|Any CPU.Build.0 = Release|Any CPU
		{1C312689-C999-4E2D-8AC4-A87002648566}.Debug|Any CPU.ActiveCfg = Debug|Any CPU
		{1C312689-C999-4E2D-8AC4-A87002648566}.Debug|Any CPU.Build.0 = Debug|Any CPU
		{1C312689-C999-4E2D-8AC4-A87002648566}.Release|Any CPU.ActiveCfg = Release|Any CPU
		{1C312689-C999-4E2D-8AC4-A87002648566}.Release|Any CPU.Build.0 = Release|Any CPU
		{59E6BF8F-5F5B-40AB-9B19-F235F254D04C}.Debug|Any CPU.ActiveCfg = Debug|Any CPU
		{59E6BF8F-5F5B-40AB-9B19-F235F254D04C}.Debug|Any CPU.Build.0 = Debug|Any CPU
		{59E6BF8F-5F5B-40AB-9B19-F235F254D04C}.Release|Any CPU.ActiveCfg = Release|Any CPU
		{59E6BF8F-5F5B-40AB-9B19-F235F254D04C}.Release|Any CPU.Build.0 = Release|Any CPU
		{5B5CB680-1E4D-4A4E-A7C0-DB4C9E6DE73D}.Debug|Any CPU.ActiveCfg = Debug|Any CPU
		{5B5CB680-1E4D-4A4E-A7C0-DB4C9E6DE73D}.Debug|Any CPU.Build.0 = Debug|Any CPU
		{5B5CB680-1E4D-4A4E-A7C0-DB4C9E6DE73D}.Release|Any CPU.ActiveCfg = Release|Any CPU
		{5B5CB680-1E4D-4A4E-A7C0-DB4C9E6DE73D}.Release|Any CPU.Build.0 = Release|Any CPU
		{7E3B7DA1-8C3D-46E0-A2B8-532F5BD31227}.Debug|Any CPU.ActiveCfg = Debug|Any CPU
		{7E3B7DA1-8C3D-46E0-A2B8-532F5BD31227}.Debug|Any CPU.Build.0 = Debug|Any CPU
		{7E3B7DA1-8C3D-46E0-A2B8-532F5BD31227}.Release|Any CPU.ActiveCfg = Release|Any CPU
		{7E3B7DA1-8C3D-46E0-A2B8-532F5BD31227}.Release|Any CPU.Build.0 = Release|Any CPU
		{3669844B-30B1-4188-A35B-E5AECEC86E9F}.Debug|Any CPU.ActiveCfg = Debug|Any CPU
		{3669844B-30B1-4188-A35B-E5AECEC86E9F}.Debug|Any CPU.Build.0 = Debug|Any CPU
		{3669844B-30B1-4188-A35B-E5AECEC86E9F}.Release|Any CPU.ActiveCfg = Release|Any CPU
		{3669844B-30B1-4188-A35B-E5AECEC86E9F}.Release|Any CPU.Build.0 = Release|Any CPU
	EndGlobalSection
	GlobalSection(SolutionProperties) = preSolution
		HideSolutionNode = FALSE
	EndGlobalSection
	GlobalSection(ExtensibilityGlobals) = postSolution
		SolutionGuid = {E7F09962-8A75-4A08-BA15-8789CBBE18E5}
	EndGlobalSection
EndGlobal
